// !$*UTF8*$!
{
	archiveVersion = 1;
	classes = {
	};
	objectVersion = 50;
	objects = {

/* Begin PBXBuildFile section */
		60EA10EB2350DF7100925C4D /* AppDelegate.swift in Sources */ = {isa = PBXBuildFile; fileRef = 60EA10EA2350DF7100925C4D /* AppDelegate.swift */; };
		60EA10ED2350DF7100925C4D /* ViewController.swift in Sources */ = {isa = PBXBuildFile; fileRef = 60EA10EC2350DF7100925C4D /* ViewController.swift */; };
		60EA10F02350DF7100925C4D /* Main.storyboard in Resources */ = {isa = PBXBuildFile; fileRef = 60EA10EE2350DF7100925C4D /* Main.storyboard */; };
		60EA10F22350DF7200925C4D /* Assets.xcassets in Resources */ = {isa = PBXBuildFile; fileRef = 60EA10F12350DF7200925C4D /* Assets.xcassets */; };
		60EA10F52350DF7200925C4D /* LaunchScreen.storyboard in Resources */ = {isa = PBXBuildFile; fileRef = 60EA10F32350DF7200925C4D /* LaunchScreen.storyboard */; };
		60EA11012350E04800925C4D /* TableViewCell.swift in Sources */ = {isa = PBXBuildFile; fileRef = 60EA10FF2350E04800925C4D /* TableViewCell.swift */; };
		60EA11022350E04800925C4D /* TableViewCell.xib in Resources */ = {isa = PBXBuildFile; fileRef = 60EA11002350E04800925C4D /* TableViewCell.xib */; };
		60EA11042350E31300925C4D /* UITableViewGen.swift in Sources */ = {isa = PBXBuildFile; fileRef = 60EA11032350E31300925C4D /* UITableViewGen.swift */; };
/* End PBXBuildFile section */

/* Begin PBXFileReference section */
		60EA10E72350DF7100925C4D /* tableViewUsingGenerics.app */ = {isa = PBXFileReference; explicitFileType = wrapper.application; includeInIndex = 0; path = tableViewUsingGenerics.app; sourceTree = BUILT_PRODUCTS_DIR; };
		60EA10EA2350DF7100925C4D /* AppDelegate.swift */ = {isa = PBXFileReference; lastKnownFileType = sourcecode.swift; path = AppDelegate.swift; sourceTree = "<group>"; };
		60EA10EC2350DF7100925C4D /* ViewController.swift */ = {isa = PBXFileReference; lastKnownFileType = sourcecode.swift; path = ViewController.swift; sourceTree = "<group>"; };
		60EA10EF2350DF7100925C4D /* Base */ = {isa = PBXFileReference; lastKnownFileType = file.storyboard; name = Base; path = Base.lproj/Main.storyboard; sourceTree = "<group>"; };
		60EA10F12350DF7200925C4D /* Assets.xcassets */ = {isa = PBXFileReference; lastKnownFileType = folder.assetcatalog; path = Assets.xcassets; sourceTree = "<group>"; };
		60EA10F42350DF7200925C4D /* Base */ = {isa = PBXFileReference; lastKnownFileType = file.storyboard; name = Base; path = Base.lproj/LaunchScreen.storyboard; sourceTree = "<group>"; };
		60EA10F62350DF7200925C4D /* Info.plist */ = {isa = PBXFileReference; lastKnownFileType = text.plist.xml; path = Info.plist; sourceTree = "<group>"; };
		60EA10FF2350E04800925C4D /* TableViewCell.swift */ = {isa = PBXFileReference; lastKnownFileType = sourcecode.swift; path = TableViewCell.swift; sourceTree = "<group>"; };
		60EA11002350E04800925C4D /* TableViewCell.xib */ = {isa = PBXFileReference; lastKnownFileType = file.xib; path = TableViewCell.xib; sourceTree = "<group>"; };
		60EA11032350E31300925C4D /* UITableViewGen.swift */ = {isa = PBXFileReference; lastKnownFileType = sourcecode.swift; path = UITableViewGen.swift; sourceTree = "<group>"; };
/* End PBXFileReference section */

/* Begin PBXFrameworksBuildPhase section */
		60EA10E42350DF7100925C4D /* Frameworks */ = {
			isa = PBXFrameworksBuildPhase;
			buildActionMask = 2147483647;
			files = (
			);
			runOnlyForDeploymentPostprocessing = 0;
		};
/* End PBXFrameworksBuildPhase section */

/* Begin PBXGroup section */
		60EA10DE2350DF7100925C4D = {
			isa = PBXGroup;
			children = (
				60EA10E92350DF7100925C4D /* tableViewUsingGenericsAndEnums */,
				60EA10E82350DF7100925C4D /* Products */,
			);
			sourceTree = "<group>";
		};
		60EA10E82350DF7100925C4D /* Products */ = {
			isa = PBXGroup;
			children = (
				60EA10E72350DF7100925C4D /* tableViewUsingGenerics.app */,
			);
			name = Products;
			sourceTree = "<group>";
		};
		60EA10E92350DF7100925C4D /* tableViewUsingGenericsAndEnums */ = {
			isa = PBXGroup;
			children = (
				60EA10EE2350DF7100925C4D /* Main.storyboard */,
				60EA10FE2350DF7E00925C4D /* Model */,
				60EA10FD2350DF7C00925C4D /* View */,
				60EA10FC2350DF7A00925C4D /* Controller */,
				60EA10F12350DF7200925C4D /* Assets.xcassets */,
				60EA10F32350DF7200925C4D /* LaunchScreen.storyboard */,
				60EA10F62350DF7200925C4D /* Info.plist */,
			);
			path = tableViewUsingGenericsAndEnums;
			sourceTree = "<group>";
		};
		60EA10FC2350DF7A00925C4D /* Controller */ = {
			isa = PBXGroup;
			children = (
				60EA10EA2350DF7100925C4D /* AppDelegate.swift */,
				60EA10EC2350DF7100925C4D /* ViewController.swift */,
			);
			path = Controller;
			sourceTree = "<group>";
		};
		60EA10FD2350DF7C00925C4D /* View */ = {
			isa = PBXGroup;
			children = (
				60EA11032350E31300925C4D /* UITableViewGen.swift */,
				60EA10FF2350E04800925C4D /* TableViewCell.swift */,
				60EA11002350E04800925C4D /* TableViewCell.xib */,
			);
			path = View;
			sourceTree = "<group>";
		};
		60EA10FE2350DF7E00925C4D /* Model */ = {
			isa = PBXGroup;
			children = (
			);
			path = Model;
			sourceTree = "<group>";
		};
/* End PBXGroup section */

/* Begin PBXNativeTarget section */
		60EA10E62350DF7100925C4D /* tableViewUsingGenerics */ = {
			isa = PBXNativeTarget;
			buildConfigurationList = 60EA10F92350DF7200925C4D /* Build configuration list for PBXNativeTarget "tableViewUsingGenerics" */;
			buildPhases = (
				60EA10E32350DF7100925C4D /* Sources */,
				60EA10E42350DF7100925C4D /* Frameworks */,
				60EA10E52350DF7100925C4D /* Resources */,
			);
			buildRules = (
			);
			dependencies = (
			);
			name = tableViewUsingGenerics;
			productName = tableViewUsingGenericsAndEnums;
			productReference = 60EA10E72350DF7100925C4D /* tableViewUsingGenerics.app */;
			productType = "com.apple.product-type.application";
		};
/* End PBXNativeTarget section */

/* Begin PBXProject section */
		60EA10DF2350DF7100925C4D /* Project object */ = {
			isa = PBXProject;
			attributes = {
				LastSwiftUpdateCheck = 1030;
				LastUpgradeCheck = 1030;
				ORGANIZATIONNAME = "Mohamed Samir";
				TargetAttributes = {
					60EA10E62350DF7100925C4D = {
						CreatedOnToolsVersion = 10.3;
					};
				};
			};
			buildConfigurationList = 60EA10E22350DF7100925C4D /* Build configuration list for PBXProject "tableViewUsingGenerics" */;
			compatibilityVersion = "Xcode 9.3";
			developmentRegion = en;
			hasScannedForEncodings = 0;
			knownRegions = (
				en,
				Base,
			);
			mainGroup = 60EA10DE2350DF7100925C4D;
			productRefGroup = 60EA10E82350DF7100925C4D /* Products */;
			projectDirPath = "";
			projectRoot = "";
			targets = (
				60EA10E62350DF7100925C4D /* tableViewUsingGenerics */,
			);
		};
/* End PBXProject section */

/* Begin PBXResourcesBuildPhase section */
		60EA10E52350DF7100925C4D /* Resources */ = {
			isa = PBXResourcesBuildPhase;
			buildActionMask = 2147483647;
			files = (
				60EA10F52350DF7200925C4D /* LaunchScreen.storyboard in Resources */,
				60EA11022350E04800925C4D /* TableViewCell.xib in Resources */,
				60EA10F22350DF7200925C4D /* Assets.xcassets in Resources */,
				60EA10F02350DF7100925C4D /* Main.storyboard in Resources */,
			);
			runOnlyForDeploymentPostprocessing = 0;
		};
/* End PBXResourcesBuildPhase section */

/* Begin PBXSourcesBuildPhase section */
		60EA10E32350DF7100925C4D /* Sources */ = {
			isa = PBXSourcesBuildPhase;
			buildActionMask = 2147483647;
			files = (
				60EA11012350E04800925C4D /* TableViewCell.swift in Sources */,
				60EA10ED2350DF7100925C4D /* ViewController.swift in Sources */,
				60EA11042350E31300925C4D /* UITableViewGen.swift in Sources */,
				60EA10EB2350DF7100925C4D /* AppDelegate.swift in Sources */,
			);
			runOnlyForDeploymentPostprocessing = 0;
		};
/* End PBXSourcesBuildPhase section */

/* Begin PBXVariantGroup section */
		60EA10EE2350DF7100925C4D /* Main.storyboard */ = {
			isa = PBXVariantGroup;
			children = (
				60EA10EF2350DF7100925C4D /* Base */,
			);
			name = Main.storyboard;
			sourceTree = "<group>";
		};
		60EA10F32350DF7200925C4D /* LaunchScreen.storyboard */ = {
			isa = PBXVariantGroup;
			children = (
				60EA10F42350DF7200925C4D /* Base */,
			);
			name = LaunchScreen.storyboard;
			sourceTree = "<group>";
		};
/* End PBXVariantGroup section */

/* Begin XCBuildConfiguration section */
		60EA10F72350DF7200925C4D /* Debug */ = {
			isa = XCBuildConfiguration;
			buildSettings = {
				ALWAYS_SEARCH_USER_PATHS = NO;
				CLANG_ANALYZER_NONNULL = YES;
				CLANG_ANALYZER_NUMBER_OBJECT_CONVERSION = YES_AGGRESSIVE;
				CLANG_CXX_LANGUAGE_STANDARD = "gnu++14";
				CLANG_CXX_LIBRARY = "libc++";
				CLANG_ENABLE_MODULES = YES;
				CLANG_ENABLE_OBJC_ARC = YES;
				CLANG_ENABLE_OBJC_WEAK = YES;
				CLANG_WARN_BLOCK_CAPTURE_AUTORELEASING = YES;
				CLANG_WARN_BOOL_CONVERSION = YES;
				CLANG_WARN_COMMA = YES;
				CLANG_WARN_CONSTANT_CONVERSION = YES;
				CLANG_WARN_DEPRECATED_OBJC_IMPLEMENTATIONS = YES;
				CLANG_WARN_DIRECT_OBJC_ISA_USAGE = YES_ERROR;
				CLANG_WARN_DOCUMENTATION_COMMENTS = YES;
				CLANG_WARN_EMPTY_BODY = YES;
				CLANG_WARN_ENUM_CONVERSION = YES;
				CLANG_WARN_INFINITE_RECURSION = YES;
				CLANG_WARN_INT_CONVERSION = YES;
				CLANG_WARN_NON_LITERAL_NULL_CONVERSION = YES;
				CLANG_WARN_OBJC_IMPLICIT_RETAIN_SELF = YES;
				CLANG_WARN_OBJC_LITERAL_CONVERSION = YES;
				CLANG_WARN_OBJC_ROOT_CLASS = YES_ERROR;
				CLANG_WARN_RANGE_LOOP_ANALYSIS = YES;
				CLANG_WARN_STRICT_PROTOTYPES = YES;
				CLANG_WARN_SUSPICIOUS_MOVE = YES;
				CLANG_WARN_UNGUARDED_AVAILABILITY = YES_AGGRESSIVE;
				CLANG_WARN_UNREACHABLE_CODE = YES;
				CLANG_WARN__DUPLICATE_METHOD_MATCH = YES;
				CODE_SIGN_IDENTITY = "iPhone Developer";
				COPY_PHASE_STRIP = NO;
				DEBUG_INFORMATION_FORMAT = dwarf;
				ENABLE_STRICT_OBJC_MSGSEND = YES;
				ENABLE_TESTABILITY = YES;
				GCC_C_LANGUAGE_STANDARD = gnu11;
				GCC_DYNAMIC_NO_PIC = NO;
				GCC_NO_COMMON_BLOCKS = YES;
				GCC_OPTIMIZATION_LEVEL = 0;
				GCC_PREPROCESSOR_DEFINITIONS = (
					"DEBUG=1",
					"$(inherited)",
				);
				GCC_WARN_64_TO_32_BIT_CONVERSION = YES;
				GCC_WARN_ABOUT_RETURN_TYPE = YES_ERROR;
				GCC_WARN_UNDECLARED_SELECTOR = YES;
				GCC_WARN_UNINITIALIZED_AUTOS = YES_AGGRESSIVE;
				GCC_WARN_UNUSED_FUNCTION = YES;
				GCC_WARN_UNUSED_VARIABLE = YES;
				IPHONEOS_DEPLOYMENT_TARGET = 12.4;
				MTL_ENABLE_DEBUG_INFO = INCLUDE_SOURCE;
				MTL_FAST_MATH = YES;
				ONLY_ACTIVE_ARCH = YES;
				SDKROOT = iphoneos;
				SWIFT_ACTIVE_COMPILATION_CONDITIONS = DEBUG;
				SWIFT_OPTIMIZATION_LEVEL = "-Onone";
			};
			name = Debug;
		};
		60EA10F82350DF7200925C4D /* Release */ = {
			isa = XCBuildConfiguration;
			buildSettings = {
				ALWAYS_SEARCH_USER_PATHS = NO;
				CLANG_ANALYZER_NONNULL = YES;
				CLANG_ANALYZER_NUMBER_OBJECT_CONVERSION = YES_AGGRESSIVE;
				CLANG_CXX_LANGUAGE_STANDARD = "gnu++14";
				CLANG_CXX_LIBRARY = "libc++";
				CLANG_ENABLE_MODULES = YES;
				CLANG_ENABLE_OBJC_ARC = YES;
				CLANG_ENABLE_OBJC_WEAK = YES;
				CLANG_WARN_BLOCK_CAPTURE_AUTORELEASING = YES;
				CLANG_WARN_BOOL_CONVERSION = YES;
				CLANG_WARN_COMMA = YES;
				CLANG_WARN_CONSTANT_CONVERSION = YES;
				CLANG_WARN_DEPRECATED_OBJC_IMPLEMENTATIONS = YES;
				CLANG_WARN_DIRECT_OBJC_ISA_USAGE = YES_ERROR;
				CLANG_WARN_DOCUMENTATION_COMMENTS = YES;
				CLANG_WARN_EMPTY_BODY = YES;
				CLANG_WARN_ENUM_CONVERSION = YES;
				CLANG_WARN_INFINITE_RECURSION = YES;
				CLANG_WARN_INT_CONVERSION = YES;
				CLANG_WARN_NON_LITERAL_NULL_CONVERSION = YES;
				CLANG_WARN_OBJC_IMPLICIT_RETAIN_SELF = YES;
				CLANG_WARN_OBJC_LITERAL_CONVERSION = YES;
				CLANG_WARN_OBJC_ROOT_CLASS = YES_ERROR;
				CLANG_WARN_RANGE_LOOP_ANALYSIS = YES;
				CLANG_WARN_STRICT_PROTOTYPES = YES;
				CLANG_WARN_SUSPICIOUS_MOVE = YES;
				CLANG_WARN_UNGUARDED_AVAILABILITY = YES_AGGRESSIVE;
				CLANG_WARN_UNREACHABLE_CODE = YES;
				CLANG_WARN__DUPLICATE_METHOD_MATCH = YES;
				CODE_SIGN_IDENTITY = "iPhone Developer";
				COPY_PHASE_STRIP = NO;
				DEBUG_INFORMATION_FORMAT = "dwarf-with-dsym";
				ENABLE_NS_ASSERTIONS = NO;
				ENABLE_STRICT_OBJC_MSGSEND = YES;
				GCC_C_LANGUAGE_STANDARD = gnu11;
				GCC_NO_COMMON_BLOCKS = YES;
				GCC_WARN_64_TO_32_BIT_CONVERSION = YES;
				GCC_WARN_ABOUT_RETURN_TYPE = YES_ERROR;
				GCC_WARN_UNDECLARED_SELECTOR = YES;
				GCC_WARN_UNINITIALIZED_AUTOS = YES_AGGRESSIVE;
				GCC_WARN_UNUSED_FUNCTION = YES;
				GCC_WARN_UNUSED_VARIABLE = YES;
				IPHONEOS_DEPLOYMENT_TARGET = 12.4;
				MTL_ENABLE_DEBUG_INFO = NO;
				MTL_FAST_MATH = YES;
				SDKROOT = iphoneos;
				SWIFT_COMPILATION_MODE = wholemodule;
				SWIFT_OPTIMIZATION_LEVEL = "-O";
				VALIDATE_PRODUCT = YES;
			};
			name = Release;
		};
		60EA10FA2350DF7200925C4D /* Debug */ = {
			isa = XCBuildConfiguration;
			buildSettings = {
				ASSETCATALOG_COMPILER_APPICON_NAME = AppIcon;
				CODE_SIGN_STYLE = Automatic;
				INFOPLIST_FILE = tableViewUsingGenericsAndEnums/Info.plist;
				LD_RUNPATH_SEARCH_PATHS = (
					"$(inherited)",
					"@executable_path/Frameworks",
				);
				PRODUCT_BUNDLE_IDENTIFIER = www.vodapro1.com.tableViewUsingGenericsAndEnums;
				PRODUCT_NAME = "$(TARGET_NAME)";
				SWIFT_VERSION = 5.0;
				TARGETED_DEVICE_FAMILY = "1,2";
			};
			name = Debug;
		};
		60EA10FB2350DF7200925C4D /* Release */ = {
			isa = XCBuildConfiguration;
			buildSettings = {
				ASSETCATALOG_COMPILER_APPICON_NAME = AppIcon;
				CODE_SIGN_STYLE = Automatic;
				INFOPLIST_FILE = tableViewUsingGenericsAndEnums/Info.plist;
				LD_RUNPATH_SEARCH_PATHS = (
					"$(inherited)",
					"@executable_path/Frameworks",
				);
				PRODUCT_BUNDLE_IDENTIFIER = www.vodapro1.com.tableViewUsingGenericsAndEnums;
				PRODUCT_NAME = "$(TARGET_NAME)";
				SWIFT_VERSION = 5.0;
				TARGETED_DEVICE_FAMILY = "1,2";
			};
			name = Release;
		};
/* End XCBuildConfiguration section */

/* Begin XCConfigurationList section */
		60EA10E22350DF7100925C4D /* Build configuration list for PBXProject "tableViewUsingGenerics" */ = {
			isa = XCConfigurationList;
			buildConfigurations = (
				60EA10F72350DF7200925C4D /* Debug */,
				60EA10F82350DF7200925C4D /* Release */,
			);
			defaultConfigurationIsVisible = 0;
			defaultConfigurationName = Release;
		};
		60EA10F92350DF7200925C4D /* Build configuration list for PBXNativeTarget "tableViewUsingGenerics" */ = {
			isa = XCConfigurationList;
			buildConfigurations = (
				60EA10FA2350DF7200925C4D /* Debug */,
				60EA10FB2350DF7200925C4D /* Release */,
			);
			defaultConfigurationIsVisible = 0;
			defaultConfigurationName = Release;
		};
/* End XCConfigurationList section */
	};
	rootObject = 60EA10DF2350DF7100925C4D /* Project object */;
}
